
Microsoft Visual Studio Solution File, Format Version 12.00
# Visual Studio Version 17
VisualStudioVersion = 17.11.35208.52
MinimumVisualStudioVersion = 10.0.40219.1
Project("{FAE04EC0-301F-11D3-BF4B-00C04F79EFBC}") = "besshovnav", "besshovnav\besshovnav.csproj", "{A7D6EA18-63D2-49BC-9348-D3C4EA29ED1A}"
EndProject
Global
	GlobalSection(SolutionConfigurationPlatforms) = preSolution
		Debug|Any CPU = Debug|Any CPU
		Release|Any CPU = Release|Any CPU
	EndGlobalSection
	GlobalSection(ProjectConfigurationPlatforms) = postSolution
		{A7D6EA18-63D2-49BC-9348-D3C4EA29ED1A}.Debug|Any CPU.ActiveCfg = Debug|Any CPU
		{A7D6EA18-63D2-49BC-9348-D3C4EA29ED1A}.Debug|Any CPU.Build.0 = Debug|Any CPU
		{A7D6EA18-63D2-49BC-9348-D3C4EA29ED1A}.Debug|Any CPU.Deploy.0 = Debug|Any CPU
		{A7D6EA18-63D2-49BC-9348-D3C4EA29ED1A}.Release|Any CPU.ActiveCfg = Release|Any CPU
		{A7D6EA18-63D2-49BC-9348-D3C4EA29ED1A}.Release|Any CPU.Build.0 = Release|Any CPU
		{A7D6EA18-63D2-49BC-9348-D3C4EA29ED1A}.Release|Any CPU.Deploy.0 = Release|Any CPU
	EndGlobalSection
	GlobalSection(SolutionProperties) = preSolution
		HideSolutionNode = FALSE
	EndGlobalSection
	GlobalSection(ExtensibilityGlobals) = postSolution
		SolutionGuid = {D97CD44A-2C9C-45CB-B140-B5CD9A551F86}
	EndGlobalSection
EndGlobal
